
Microsoft Visual Studio Solution File, Format Version 12.00
# Visual Studio Version 17
VisualStudioVersion = 17.5.33530.505
MinimumVisualStudioVersion = 10.0.40219.1
Project("{FAE04EC0-301F-11D3-BF4B-00C04F79EFBC}") = "SingletonThreadSafe", "SingletonThreadSafe\SingletonThreadSafe.csproj", "{BDFDBBD4-3012-431E-AE74-D62248FA7C6B}"
EndProject
Global
	GlobalSection(SolutionConfigurationPlatforms) = preSolution
		Debug|Any CPU = Debug|Any CPU
		Release|Any CPU = Release|Any CPU
	EndGlobalSection
	GlobalSection(ProjectConfigurationPlatforms) = postSolution
		{BDFDBBD4-3012-431E-AE74-D62248FA7C6B}.Debug|Any CPU.ActiveCfg = Debug|Any CPU
		{BDFDBBD4-3012-431E-AE74-D62248FA7C6B}.Debug|Any CPU.Build.0 = Debug|Any CPU
		{BDFDBBD4-3012-431E-AE74-D62248FA7C6B}.Release|Any CPU.ActiveCfg = Release|Any CPU
		{BDFDBBD4-3012-431E-AE74-D62248FA7C6B}.Release|Any CPU.Build.0 = Release|Any CPU
	EndGlobalSection
	GlobalSection(SolutionProperties) = preSolution
		HideSolutionNode = FALSE
	EndGlobalSection
	GlobalSection(ExtensibilityGlobals) = postSolution
		SolutionGuid = {C6827E6A-104B-46CE-A806-0F326F231C22}
	EndGlobalSection
EndGlobal
